
Microsoft Visual Studio Solution File, Format Version 12.00
# Visual Studio Version 16
VisualStudioVersion = 16.0.30804.86
MinimumVisualStudioVersion = 10.0.40219.1
Project("{FAE04EC0-301F-11D3-BF4B-00C04F79EFBC}") = "WebStore", "WebStore\WebStore.csproj", "{F99BD3CA-7735-411A-8028-BB6F0579ACF9}"
EndProject
Global
	GlobalSection(SolutionConfigurationPlatforms) = preSolution
		Debug|Any CPU = Debug|Any CPU
		Release|Any CPU = Release|Any CPU
	EndGlobalSection
	GlobalSection(ProjectConfigurationPlatforms) = postSolution
		{F99BD3CA-7735-411A-8028-BB6F0579ACF9}.Debug|Any CPU.ActiveCfg = Debug|Any CPU
		{F99BD3CA-7735-411A-8028-BB6F0579ACF9}.Debug|Any CPU.Build.0 = Debug|Any CPU
		{F99BD3CA-7735-411A-8028-BB6F0579ACF9}.Release|Any CPU.ActiveCfg = Release|Any CPU
		{F99BD3CA-7735-411A-8028-BB6F0579ACF9}.Release|Any CPU.Build.0 = Release|Any CPU
	EndGlobalSection
	GlobalSection(SolutionProperties) = preSolution
		HideSolutionNode = FALSE
	EndGlobalSection
	GlobalSection(ExtensibilityGlobals) = postSolution
		SolutionGuid = {ECE0ED97-084D-43CC-95C1-C1003E215489}
	EndGlobalSection
EndGlobal
